
Microsoft Visual Studio Solution File, Format Version 11.00
# Visual Studio 2010
Project("{FAE04EC0-301F-11D3-BF4B-00C04F79EFBC}") = "Schema2Code", "Schema2Code\Schema2Code.csproj", "{3375C231-3379-4375-A0F3-1BBC14B091A7}"
EndProject
Project("{FAE04EC0-301F-11D3-BF4B-00C04F79EFBC}") = "Test", "Test\Test.csproj", "{A1EF55B2-B60A-4BE0-B511-5DAC6F6DF16E}"
EndProject
Project("{FAE04EC0-301F-11D3-BF4B-00C04F79EFBC}") = "Console", "Console\Console.csproj", "{E248BF73-1073-4717-91C4-81B4C7B4A4FB}"
EndProject
Project("{FAE04EC0-301F-11D3-BF4B-00C04F79EFBC}") = "Schema2Code.CSharp", "Schema2Code.CSharp\Schema2Code.CSharp.csproj", "{F6B254DD-BEC8-41DB-BAB7-D9FE0C441457}"
EndProject
Project("{2150E333-8FDC-42A3-9474-1A3956D46DE8}") = ".nuget", ".nuget", "{1AF860F8-3699-4B8F-A151-725EF6536383}"
	ProjectSection(SolutionItems) = preProject
		.nuget\NuGet.Config = .nuget\NuGet.Config
		.nuget\NuGet.exe = .nuget\NuGet.exe
		.nuget\NuGet.targets = .nuget\NuGet.targets
	EndProjectSection
EndProject
Global
	GlobalSection(SolutionConfigurationPlatforms) = preSolution
		Debug|Any CPU = Debug|Any CPU
		Debug|Mixed Platforms = Debug|Mixed Platforms
		Debug|x86 = Debug|x86
		Release|Any CPU = Release|Any CPU
		Release|Mixed Platforms = Release|Mixed Platforms
		Release|x86 = Release|x86
	EndGlobalSection
	GlobalSection(ProjectConfigurationPlatforms) = postSolution
		{3375C231-3379-4375-A0F3-1BBC14B091A7}.Debug|Any CPU.ActiveCfg = Debug|Any CPU
		{3375C231-3379-4375-A0F3-1BBC14B091A7}.Debug|Any CPU.Build.0 = Debug|Any CPU
		{3375C231-3379-4375-A0F3-1BBC14B091A7}.Debug|Mixed Platforms.ActiveCfg = Debug|Any CPU
		{3375C231-3379-4375-A0F3-1BBC14B091A7}.Debug|Mixed Platforms.Build.0 = Debug|Any CPU
		{3375C231-3379-4375-A0F3-1BBC14B091A7}.Debug|x86.ActiveCfg = Debug|Any CPU
		{3375C231-3379-4375-A0F3-1BBC14B091A7}.Release|Any CPU.ActiveCfg = Release|Any CPU
		{3375C231-3379-4375-A0F3-1BBC14B091A7}.Release|Any CPU.Build.0 = Release|Any CPU
		{3375C231-3379-4375-A0F3-1BBC14B091A7}.Release|Mixed Platforms.ActiveCfg = Release|Any CPU
		{3375C231-3379-4375-A0F3-1BBC14B091A7}.Release|Mixed Platforms.Build.0 = Release|Any CPU
		{3375C231-3379-4375-A0F3-1BBC14B091A7}.Release|x86.ActiveCfg = Release|Any CPU
		{A1EF55B2-B60A-4BE0-B511-5DAC6F6DF16E}.Debug|Any CPU.ActiveCfg = Debug|Any CPU
		{A1EF55B2-B60A-4BE0-B511-5DAC6F6DF16E}.Debug|Any CPU.Build.0 = Debug|Any CPU
		{A1EF55B2-B60A-4BE0-B511-5DAC6F6DF16E}.Debug|Mixed Platforms.ActiveCfg = Debug|Any CPU
		{A1EF55B2-B60A-4BE0-B511-5DAC6F6DF16E}.Debug|Mixed Platforms.Build.0 = Debug|Any CPU
		{A1EF55B2-B60A-4BE0-B511-5DAC6F6DF16E}.Debug|x86.ActiveCfg = Debug|Any CPU
		{A1EF55B2-B60A-4BE0-B511-5DAC6F6DF16E}.Release|Any CPU.ActiveCfg = Release|Any CPU
		{A1EF55B2-B60A-4BE0-B511-5DAC6F6DF16E}.Release|Any CPU.Build.0 = Release|Any CPU
		{A1EF55B2-B60A-4BE0-B511-5DAC6F6DF16E}.Release|Mixed Platforms.ActiveCfg = Release|Any CPU
		{A1EF55B2-B60A-4BE0-B511-5DAC6F6DF16E}.Release|Mixed Platforms.Build.0 = Release|Any CPU
		{A1EF55B2-B60A-4BE0-B511-5DAC6F6DF16E}.Release|x86.ActiveCfg = Release|Any CPU
		{E248BF73-1073-4717-91C4-81B4C7B4A4FB}.Debug|Any CPU.ActiveCfg = Debug|x86
		{E248BF73-1073-4717-91C4-81B4C7B4A4FB}.Debug|Mixed Platforms.ActiveCfg = Debug|x86
		{E248BF73-1073-4717-91C4-81B4C7B4A4FB}.Debug|Mixed Platforms.Build.0 = Debug|x86
		{E248BF73-1073-4717-91C4-81B4C7B4A4FB}.Debug|x86.ActiveCfg = Debug|x86
		{E248BF73-1073-4717-91C4-81B4C7B4A4FB}.Debug|x86.Build.0 = Debug|x86
		{E248BF73-1073-4717-91C4-81B4C7B4A4FB}.Release|Any CPU.ActiveCfg = Release|x86
		{E248BF73-1073-4717-91C4-81B4C7B4A4FB}.Release|Mixed Platforms.ActiveCfg = Release|x86
		{E248BF73-1073-4717-91C4-81B4C7B4A4FB}.Release|Mixed Platforms.Build.0 = Release|x86
		{E248BF73-1073-4717-91C4-81B4C7B4A4FB}.Release|x86.ActiveCfg = Release|x86
		{E248BF73-1073-4717-91C4-81B4C7B4A4FB}.Release|x86.Build.0 = Release|x86
		{F6B254DD-BEC8-41DB-BAB7-D9FE0C441457}.Debug|Any CPU.ActiveCfg = Debug|Any CPU
		{F6B254DD-BEC8-41DB-BAB7-D9FE0C441457}.Debug|Any CPU.Build.0 = Debug|Any CPU
		{F6B254DD-BEC8-41DB-BAB7-D9FE0C441457}.Debug|Mixed Platforms.ActiveCfg = Debug|x86
		{F6B254DD-BEC8-41DB-BAB7-D9FE0C441457}.Debug|Mixed Platforms.Build.0 = Debug|x86
		{F6B254DD-BEC8-41DB-BAB7-D9FE0C441457}.Debug|x86.ActiveCfg = Debug|x86
		{F6B254DD-BEC8-41DB-BAB7-D9FE0C441457}.Debug|x86.Build.0 = Debug|x86
		{F6B254DD-BEC8-41DB-BAB7-D9FE0C441457}.Release|Any CPU.ActiveCfg = Release|x86
		{F6B254DD-BEC8-41DB-BAB7-D9FE0C441457}.Release|Mixed Platforms.ActiveCfg = Release|x86
		{F6B254DD-BEC8-41DB-BAB7-D9FE0C441457}.Release|Mixed Platforms.Build.0 = Release|x86
		{F6B254DD-BEC8-41DB-BAB7-D9FE0C441457}.Release|x86.ActiveCfg = Release|x86
		{F6B254DD-BEC8-41DB-BAB7-D9FE0C441457}.Release|x86.Build.0 = Release|x86
	EndGlobalSection
	GlobalSection(SolutionProperties) = preSolution
		HideSolutionNode = FALSE
	EndGlobalSection
EndGlobal
